
Microsoft Visual Studio Solution File, Format Version 12.00
# Visual Studio 16
Project("{FAE04EC0-301F-11D3-BF4B-00C04F79EFBC}") = "Assembly-CSharp", "Assembly-CSharp.csproj", "{DBF4E314-B6CC-AB93-70C2-1305833EDEEB}"
EndProject
Global
	GlobalSection(SolutionConfigurationPlatforms) = preSolution
		Debug|Any CPU = Debug|Any CPU
		Release|Any CPU = Release|Any CPU
	EndGlobalSection
	GlobalSection(ProjectConfigurationPlatforms) = postSolution
		{DBF4E314-B6CC-AB93-70C2-1305833EDEEB}.Debug|Any CPU.ActiveCfg = Debug|Any CPU
		{DBF4E314-B6CC-AB93-70C2-1305833EDEEB}.Debug|Any CPU.Build.0 = Debug|Any CPU
		{DBF4E314-B6CC-AB93-70C2-1305833EDEEB}.Release|Any CPU.ActiveCfg = Release|Any CPU
		{DBF4E314-B6CC-AB93-70C2-1305833EDEEB}.Release|Any CPU.Build.0 = Release|Any CPU
	EndGlobalSection
	GlobalSection(SolutionProperties) = preSolution
		HideSolutionNode = FALSE
	EndGlobalSection
EndGlobal
